Microsoft Visual Studio Solution File, Format Version 12.00
# Visual Studio Version 16
VisualStudioVersion = 16.0.29009.5
MinimumVisualStudioVersion = 10.0.40219.1
Project("{2150E333-8FDC-42A3-9474-1A3956D46DE8}") = ".paket", ".paket", "{63297B98-5CED-492C-A5B7-A5B4F73CF142}"
	ProjectSection(SolutionItems) = preProject
		Nuget.Config = Nuget.Config
		paket.dependencies = paket.dependencies
		paket.lock = paket.lock
	EndProjectSection
EndProject
Project("{2150E333-8FDC-42A3-9474-1A3956D46DE8}") = "project", "project", "{BF60BC93-E09B-4E5F-9D85-95A519479D54}"
	ProjectSection(SolutionItems) = preProject
		.editorconfig = .editorconfig
		.github\ISSUE_TEMPLATE\BUG_REPORT.md = .github\ISSUE_TEMPLATE\BUG_REPORT.md
		dotnet-tools.json = dotnet-tools.json
		.github\ISSUE_TEMPLATE\FEATURE_REQUEST.md = .github\ISSUE_TEMPLATE\FEATURE_REQUEST.md
		.github\PULL_REQUEST_TEMPLATE.md = .github\PULL_REQUEST_TEMPLATE.md
		README.md = README.md
		RELEASE_NOTES.md = RELEASE_NOTES.md
	EndProjectSection
EndProject
Project("{2150E333-8FDC-42A3-9474-1A3956D46DE8}") = "git", "git", "{078A9C52-DDC1-46F4-9235-9E6C89C87AFD}"
	ProjectSection(SolutionItems) = preProject
		.gitattributes = .gitattributes
		.gitignore = .gitignore
	EndProjectSection
EndProject
Project("{2150E333-8FDC-42A3-9474-1A3956D46DE8}") = ".build", ".build", "{7C6D08E7-3EAC-4335-8F4B-252C193C27C9}"
	ProjectSection(SolutionItems) = preProject
		.nojekyll = .nojekyll
		appveyor.yml = appveyor.yml
		build.cmd = build.cmd
		build.fsx = build.fsx
		build.sh = build.sh
	EndProjectSection
EndProject
Project("{2150E333-8FDC-42A3-9474-1A3956D46DE8}") = "tools", "tools", "{55637037-300B-4FA5-8D14-B2CECCCD4B0D}"
EndProject
Project("{6EC3EE1D-3C4E-46DD-8F32-0CC8E7565705}") = "tools", "tools\tools.fsproj", "{E03A3045-EEAB-4616-B0D8-A50A1B75F72B}"
EndProject
Project("{2150E333-8FDC-42A3-9474-1A3956D46DE8}") = "web", "web", "{7F29BFE8-02B3-4763-838C-3D8228334B4B}"
	ProjectSection(SolutionItems) = preProject
		.yarnrc = .yarnrc
		package.json = package.json
		publish.js = publish.js
	EndProjectSection
EndProject
Project("{2150E333-8FDC-42A3-9474-1A3956D46DE8}") = "tests", "tests", "{27F9F1A6-C6B4-4539-B013-8549B4A6E1B5}"
EndProject
Project("{2150E333-8FDC-42A3-9474-1A3956D46DE8}") = "docs", "docs", "{D05F59F8-14B6-44AB-8FE6-493EE0CA4A75}"
	ProjectSection(SolutionItems) = preProject
		docs\index.html = docs\index.html
	EndProjectSection
EndProject
Project("{2150E333-8FDC-42A3-9474-1A3956D46DE8}") = "styles", "styles", "{80A18350-F484-458A-BAC0-64EE73830C5F}"
	ProjectSection(SolutionItems) = preProject
		docs\styles\website.css = docs\styles\website.css
	EndProjectSection
EndProject
Project("{6EC3EE1D-3C4E-46DD-8F32-0CC8E7565705}") = "Fable.Extras", "src\Fable.Extras\Fable.Extras.fsproj", "{C371B59E-397E-4878-919C-F853AAE78DDA}"
EndProject
Project("{6EC3EE1D-3C4E-46DD-8F32-0CC8E7565705}") = "Fable.Extras.Tests", "tests\Fable.Extras.Tests\Fable.Extras.Tests.fsproj", "{0E1BD9FC-74D6-4B1D-B6E8-8E2638610338}"
EndProject
Project("{6EC3EE1D-3C4E-46DD-8F32-0CC8E7565705}") = "Fable.Generator.MIME", "src\Fable.Generator.MIME\Fable.Generator.MIME.fsproj", "{7CB21B3D-B9C3-49C6-BF83-D1F101AFAD7E}"
EndProject
Global
	GlobalSection(SolutionConfigurationPlatforms) = preSolution
		Debug|Any CPU = Debug|Any CPU
		Release|Any CPU = Release|Any CPU
	EndGlobalSection
	GlobalSection(ProjectConfigurationPlatforms) = postSolution
		{E03A3045-EEAB-4616-B0D8-A50A1B75F72B}.Debug|Any CPU.ActiveCfg = Debug|Any CPU
		{E03A3045-EEAB-4616-B0D8-A50A1B75F72B}.Debug|Any CPU.Build.0 = Debug|Any CPU
		{E03A3045-EEAB-4616-B0D8-A50A1B75F72B}.Release|Any CPU.ActiveCfg = Release|Any CPU
		{E03A3045-EEAB-4616-B0D8-A50A1B75F72B}.Release|Any CPU.Build.0 = Release|Any CPU
		{C371B59E-397E-4878-919C-F853AAE78DDA}.Debug|Any CPU.ActiveCfg = Debug|Any CPU
		{C371B59E-397E-4878-919C-F853AAE78DDA}.Debug|Any CPU.Build.0 = Debug|Any CPU
		{C371B59E-397E-4878-919C-F853AAE78DDA}.Release|Any CPU.ActiveCfg = Release|Any CPU
		{C371B59E-397E-4878-919C-F853AAE78DDA}.Release|Any CPU.Build.0 = Release|Any CPU
		{0E1BD9FC-74D6-4B1D-B6E8-8E2638610338}.Debug|Any CPU.ActiveCfg = Debug|Any CPU
		{0E1BD9FC-74D6-4B1D-B6E8-8E2638610338}.Debug|Any CPU.Build.0 = Debug|Any CPU
		{0E1BD9FC-74D6-4B1D-B6E8-8E2638610338}.Release|Any CPU.ActiveCfg = Release|Any CPU
		{0E1BD9FC-74D6-4B1D-B6E8-8E2638610338}.Release|Any CPU.Build.0 = Release|Any CPU
		{7CB21B3D-B9C3-49C6-BF83-D1F101AFAD7E}.Debug|Any CPU.ActiveCfg = Debug|Any CPU
		{7CB21B3D-B9C3-49C6-BF83-D1F101AFAD7E}.Debug|Any CPU.Build.0 = Debug|Any CPU
		{7CB21B3D-B9C3-49C6-BF83-D1F101AFAD7E}.Release|Any CPU.ActiveCfg = Release|Any CPU
		{7CB21B3D-B9C3-49C6-BF83-D1F101AFAD7E}.Release|Any CPU.Build.0 = Release|Any CPU
	EndGlobalSection
	GlobalSection(SolutionProperties) = preSolution
		HideSolutionNode = FALSE
	EndGlobalSection
	GlobalSection(NestedProjects) = preSolution
		{E03A3045-EEAB-4616-B0D8-A50A1B75F72B} = {55637037-300B-4FA5-8D14-B2CECCCD4B0D}
		{80A18350-F484-458A-BAC0-64EE73830C5F} = {D05F59F8-14B6-44AB-8FE6-493EE0CA4A75}
		{0E1BD9FC-74D6-4B1D-B6E8-8E2638610338} = {27F9F1A6-C6B4-4539-B013-8549B4A6E1B5}
	EndGlobalSection
	GlobalSection(ExtensibilityGlobals) = postSolution
		SolutionGuid = {96DAE6A9-B1CC-4FF7-B08C-D5FBFD55B385}
	EndGlobalSection
EndGlobal
